
Microsoft Visual Studio Solution File, Format Version 12.00
# Visual Studio Version 16
VisualStudioVersion = 16.0.29230.47
MinimumVisualStudioVersion = 10.0.40219.1
Project("{FAE04EC0-301F-11D3-BF4B-00C04F79EFBC}") = "Treinamento_DesignPattern-2", "Treinamento_DesignPattern-2.csproj", "{110EF73C-05CA-4F34-B4B4-5D03CD7EB6AF}"
EndProject
Global
	GlobalSection(SolutionConfigurationPlatforms) = preSolution
		Debug|Any CPU = Debug|Any CPU
		Release|Any CPU = Release|Any CPU
	EndGlobalSection
	GlobalSection(ProjectConfigurationPlatforms) = postSolution
		{110EF73C-05CA-4F34-B4B4-5D03CD7EB6AF}.Debug|Any CPU.ActiveCfg = Debug|Any CPU
		{110EF73C-05CA-4F34-B4B4-5D03CD7EB6AF}.Debug|Any CPU.Build.0 = Debug|Any CPU
		{110EF73C-05CA-4F34-B4B4-5D03CD7EB6AF}.Release|Any CPU.ActiveCfg = Release|Any CPU
		{110EF73C-05CA-4F34-B4B4-5D03CD7EB6AF}.Release|Any CPU.Build.0 = Release|Any CPU
	EndGlobalSection
	GlobalSection(SolutionProperties) = preSolution
		HideSolutionNode = FALSE
	EndGlobalSection
	GlobalSection(ExtensibilityGlobals) = postSolution
		SolutionGuid = {523F761E-EC10-4AD8-B722-5440EBA2F80D}
	EndGlobalSection
EndGlobal
